{
    "_readme": [
        "This file locks the dependencies of your project to a known state",
        "Read more about it at https://getcomposer.org/doc/01-basic-usage.md#composer-lock-the-lock-file",
        "This file is @generated automatically"
    ],
    "content-hash": "623e43bfce5e355e177cbef0af3ce45b",
    "packages": [
        {
            "name": "mschindler83/fints-hbci-php",
            "version": "1.0.4",
            "source": {
                "type": "git",
                "url": "https://github.com/mschindler83/fints-hbci-php.git",
                "reference": "e58cb825c178d4c39a8974a9dd93abbc8094551f"
            },
            "dist": {
                "type": "zip",
                "url": "https://api.github.com/repos/mschindler83/fints-hbci-php/zipball/e58cb825c178d4c39a8974a9dd93abbc8094551f",
                "reference": "e58cb825c178d4c39a8974a9dd93abbc8094551f",
                "shasum": ""
            },
            "require": {
                "php": ">=5.3.2",
                "psr/log": "~1.0"
            },
            "suggest": {
                "monolog/monolog": "Allow sending log messages to a variety of different handlers"
            },
            "type": "library",
            "autoload": {
                "psr-0": {
                    "Fhp": "lib/"
                }
            },
            "notification-url": "https://packagist.org/downloads/",
            "license": [
                "MIT"
            ],
            "description": "PHP Library for the protocols fints and hbci",
            "homepage": "http://fints-hbci-php.markus-schindler.de",
            "time": "2017-02-15T13:48:21+00:00"
        },
        {
            "name": "psr/log",
            "version": "1.0.2",
            "source": {
                "type": "git",
                "url": "https://github.com/php-fig/log.git",
                "reference": "4ebe3a8bf773a19edfe0a84b6585ba3d401b724d"
            },
            "dist": {
                "type": "zip",
                "url": "https://api.github.com/repos/php-fig/log/zipball/4ebe3a8bf773a19edfe0a84b6585ba3d401b724d",
                "reference": "4ebe3a8bf773a19edfe0a84b6585ba3d401b724d",
                "shasum": ""
            },
            "require": {
                "php": ">=5.3.0"
            },
            "type": "library",
            "extra": {
                "branch-alias": {
                    "dev-master": "1.0.x-dev"
                }
            },
            "autoload": {
                "psr-4": {
                    "Psr\\Log\\": "Psr/Log/"
                }
            },
            "notification-url": "https://packagist.org/downloads/",
            "license": [
                "MIT"
            ],
            "authors": [
                {
                    "name": "PHP-FIG",
                    "homepage": "http://www.php-fig.org/"
                }
            ],
            "description": "Common interface for logging libraries",
            "homepage": "https://github.com/php-fig/log",
            "keywords": [
                "log",
                "psr",
                "psr-3"
            ],
            "time": "2016-10-10T12:19:37+00:00"
        }
    ],
    "packages-dev": [],
    "aliases": [],
    "minimum-stability": "stable",
    "stability-flags": [],
    "prefer-stable": false,
    "prefer-lowest": false,
    "platform": [],
    "platform-dev": []
}
